# This file is generated by running "yarn install" inside your project.
# Manual changes might be lost - proceed with caution!

__metadata:
  version: 9
  cacheKey: 10c0

"@esbuild/aix-ppc64@npm:0.23.0":
  version: 0.23.0
  resolution: "@esbuild/aix-ppc64@npm:0.23.0"
  conditions: os=aix & cpu=ppc64
  languageName: node
  linkType: hard

"@esbuild/android-arm64@npm:0.23.0":
  version: 0.23.0
  resolution: "@esbuild/android-arm64@npm:0.23.0"
  conditions: os=android & cpu=arm64
  languageName: node
  linkType: hard

"@esbuild/android-arm@npm:0.23.0":
  version: 0.23.0
  resolution: "@esbuild/android-arm@npm:0.23.0"
  conditions: os=android & cpu=arm
  languageName: node
  linkType: hard

"@esbuild/android-x64@npm:0.23.0":
  version: 0.23.0
  resolution: "@esbuild/android-x64@npm:0.23.0"
  conditions: os=android & cpu=x64
  languageName: node
  linkType: hard

"@esbuild/darwin-arm64@npm:0.23.0":
  version: 0.23.0
  resolution: "@esbuild/darwin-arm64@npm:0.23.0"
  conditions: os=darwin & cpu=arm64
  languageName: node
  linkType: hard

"@esbuild/darwin-x64@npm:0.23.0":
  version: 0.23.0
  resolution: "@esbuild/darwin-x64@npm:0.23.0"
  conditions: os=darwin & cpu=x64
  languageName: node
  linkType: hard

"@esbuild/freebsd-arm64@npm:0.23.0":
  version: 0.23.0
  resolution: "@esbuild/freebsd-arm64@npm:0.23.0"
  conditions: os=freebsd & cpu=arm64
  languageName: node
  linkType: hard

"@esbuild/freebsd-x64@npm:0.23.0":
  version: 0.23.0
  resolution: "@esbuild/freebsd-x64@npm:0.23.0"
  conditions: os=freebsd & cpu=x64
  languageName: node
  linkType: hard

"@esbuild/linux-arm64@npm:0.23.0":
  version: 0.23.0
  resolution: "@esbuild/linux-arm64@npm:0.23.0"
  conditions: os=linux & cpu=arm64
  languageName: node
  linkType: hard

"@esbuild/linux-arm@npm:0.23.0":
  version: 0.23.0
  resolution: "@esbuild/linux-arm@npm:0.23.0"
  conditions: os=linux & cpu=arm
  languageName: node
  linkType: hard

"@esbuild/linux-ia32@npm:0.23.0":
  version: 0.23.0
  resolution: "@esbuild/linux-ia32@npm:0.23.0"
  conditions: os=linux & cpu=ia32
  languageName: node
  linkType: hard

"@esbuild/linux-loong64@npm:0.23.0":
  version: 0.23.0
  resolution: "@esbuild/linux-loong64@npm:0.23.0"
  conditions: os=linux & cpu=loong64
  languageName: node
  linkType: hard

"@esbuild/linux-mips64el@npm:0.23.0":
  version: 0.23.0
  resolution: "@esbuild/linux-mips64el@npm:0.23.0"
  conditions: os=linux & cpu=mips64el
  languageName: node
  linkType: hard

"@esbuild/linux-ppc64@npm:0.23.0":
  version: 0.23.0
  resolution: "@esbuild/linux-ppc64@npm:0.23.0"
  conditions: os=linux & cpu=ppc64
  languageName: node
  linkType: hard

"@esbuild/linux-riscv64@npm:0.23.0":
  version: 0.23.0
  resolution: "@esbuild/linux-riscv64@npm:0.23.0"
  conditions: os=linux & cpu=riscv64
  languageName: node
  linkType: hard

"@esbuild/linux-s390x@npm:0.23.0":
  version: 0.23.0
  resolution: "@esbuild/linux-s390x@npm:0.23.0"
  conditions: os=linux & cpu=s390x
  languageName: node
  linkType: hard

"@esbuild/linux-x64@npm:0.23.0":
  version: 0.23.0
  resolution: "@esbuild/linux-x64@npm:0.23.0"
  conditions: os=linux & cpu=x64
  languageName: node
  linkType: hard

"@esbuild/netbsd-x64@npm:0.23.0":
  version: 0.23.0
  resolution: "@esbuild/netbsd-x64@npm:0.23.0"
  conditions: os=netbsd & cpu=x64
  languageName: node
  linkType: hard

"@esbuild/openbsd-arm64@npm:0.23.0":
  version: 0.23.0
  resolution: "@esbuild/openbsd-arm64@npm:0.23.0"
  conditions: os=openbsd & cpu=arm64
  languageName: node
  linkType: hard

"@esbuild/openbsd-x64@npm:0.23.0":
  version: 0.23.0
  resolution: "@esbuild/openbsd-x64@npm:0.23.0"
  conditions: os=openbsd & cpu=x64
  languageName: node
  linkType: hard

"@esbuild/sunos-x64@npm:0.23.0":
  version: 0.23.0
  resolution: "@esbuild/sunos-x64@npm:0.23.0"
  conditions: os=sunos & cpu=x64
  languageName: node
  linkType: hard

"@esbuild/win32-arm64@npm:0.23.0":
  version: 0.23.0
  resolution: "@esbuild/win32-arm64@npm:0.23.0"
  conditions: os=win32 & cpu=arm64
  languageName: node
  linkType: hard

"@esbuild/win32-ia32@npm:0.23.0":
  version: 0.23.0
  resolution: "@esbuild/win32-ia32@npm:0.23.0"
  conditions: os=win32 & cpu=ia32
  languageName: node
  linkType: hard

"@esbuild/win32-x64@npm:0.23.0":
  version: 0.23.0
  resolution: "@esbuild/win32-x64@npm:0.23.0"
  conditions: os=win32 & cpu=x64
  languageName: node
  linkType: hard

"@isaacs/fs-minipass@npm:^4.0.0":
  version: 4.0.1
  resolution: "@isaacs/fs-minipass@npm:4.0.1"
  dependencies:
    minipass: "npm:^7.0.4"
  checksum: 10c0/c25b6dc1598790d5b55c0947a9b7d111cfa92594db5296c3b907e2f533c033666f692a3939eadac17b1c7c40d362d0b0635dc874cbfe3e70db7c2b07cc97a5d2
  languageName: node
  linkType: hard

"@noble/curves@npm:^1.9.7":
  version: 1.9.7
  resolution: "@noble/curves@npm:1.9.7"
  dependencies:
    "@noble/hashes": "npm:1.8.0"
  checksum: 10c0/150014751ebe8ca06a8654ca2525108452ea9ee0be23430332769f06808cddabfe84f248b6dbf836916bc869c27c2092957eec62c7506d68a1ed0a624017c2a3
  languageName: node
  linkType: hard

"@noble/hashes@npm:1.8.0":
  version: 1.8.0
  resolution: "@noble/hashes@npm:1.8.0"
  checksum: 10c0/06a0b52c81a6fa7f04d67762e08b2c476a00285858150caeaaff4037356dd5e119f45b2a530f638b77a5eeca013168ec1b655db41bae3236cb2e9d511484fc77
  languageName: node
  linkType: hard

"@stellar/js-xdr@npm:^4.0.0":
  version: 4.0.0
  resolution: "@stellar/js-xdr@npm:4.0.0"
  checksum: 10c0/617bb3d7fa9fbdb607e5cb42cc032a15ad1c111440c6d7ede40fcecde204e88ed351aebc80ce1e4eedac6c1d949c3da5722696611e2b00569e7edbd5a0634c37
  languageName: node
  linkType: hard

"@stellar/stellar-base@npm:^15.0.0":
  version: 15.0.0
  resolution: "@stellar/stellar-base@npm:15.0.0"
  dependencies:
    "@noble/curves": "npm:^1.9.7"
    "@stellar/js-xdr": "npm:^4.0.0"
    base32.js: "npm:^0.1.0"
    bignumber.js: "npm:^9.3.1"
    buffer: "npm:^6.0.3"
    sha.js: "npm:^2.4.12"
  checksum: 10c0/6493d5bfe2ad715e55eeb9441a0316a492fde005360ceb7454fa6b4af5f2be84bb1b60cdf74495d19562d7b82adaee045678edd37805d1870dc6d7220c760292
  languageName: node
  linkType: hard

"@stellar/stellar-sdk@npm:^15.1.0":
  version: 15.1.0
  resolution: "@stellar/stellar-sdk@npm:15.1.0"
  dependencies:
    "@stellar/stellar-base": "npm:^15.0.0"
    axios: "npm:1.15.0"
    bignumber.js: "npm:^9.3.1"
    commander: "npm:^14.0.3"
    eventsource: "npm:^2.0.2"
    feaxios: "npm:^0.0.23"
    randombytes: "npm:^2.1.0"
    toml: "npm:^3.0.0"
    urijs: "npm:^1.19.11"
  bin:
    stellar-js: bin/stellar-js
  checksum: 10c0/e293ebe08f56286f216d81024222b0b7eeec3f9d2297d01f1ba111fedd2ed02f6b22783812b8c82bd7b517e5527d994648fd58cef4a5369836002119ee19971e
  languageName: node
  linkType: hard

"abbrev@npm:^4.0.0":
  version: 4.0.0
  resolution: "abbrev@npm:4.0.0"
  checksum: 10c0/b4cc16935235e80702fc90192e349e32f8ef0ed151ef506aa78c81a7c455ec18375c4125414b99f84b2e055199d66383e787675f0bcd87da7a4dbd59f9eac1d5
  languageName: node
  linkType: hard

"async-function@npm:^1.0.0":
  version: 1.0.0
  resolution: "async-function@npm:1.0.0"
  checksum: 10c0/669a32c2cb7e45091330c680e92eaeb791bc1d4132d827591e499cd1f776ff5a873e77e5f92d0ce795a8d60f10761dec9ddfe7225a5de680f5d357f67b1aac73
  languageName: node
  linkType: hard

"async-generator-function@npm:^1.0.0":
  version: 1.0.0
  resolution: "async-generator-function@npm:1.0.0"
  checksum: 10c0/2c50ef856c543ad500d8d8777d347e3c1ba623b93e99c9263ecc5f965c1b12d2a140e2ab6e43c3d0b85366110696f28114649411cbcd10b452a92a2318394186
  languageName: node
  linkType: hard

"asynckit@npm:^0.4.0":
  version: 0.4.0
  resolution: "asynckit@npm:0.4.0"
  checksum: 10c0/d73e2ddf20c4eb9337e1b3df1a0f6159481050a5de457c55b14ea2e5cb6d90bb69e004c9af54737a5ee0917fcf2c9e25de67777bbe58261847846066ba75bc9d
  languageName: node
  linkType: hard

"available-typed-arrays@npm:^1.0.7":
  version: 1.0.7
  resolution: "available-typed-arrays@npm:1.0.7"
  dependencies:
    possible-typed-array-names: "npm:^1.0.0"
  checksum: 10c0/d07226ef4f87daa01bd0fe80f8f310982e345f372926da2e5296aecc25c41cab440916bbaa4c5e1034b453af3392f67df5961124e4b586df1e99793a1374bdb2
  languageName: node
  linkType: hard

"axios@npm:1.15.0":
  version: 1.15.0
  resolution: "axios@npm:1.15.0"
  dependencies:
    follow-redirects: "npm:^1.15.11"
    form-data: "npm:^4.0.5"
    proxy-from-env: "npm:^2.1.0"
  checksum: 10c0/47e0f860e98d4d7aa145e89ce0cae00e1fb0f1d2485f065c21fce955ddb1dba4103a46bd0e47acd18a27208a7f62c96249e620db575521b92a968619ab133409
  languageName: node
  linkType: hard

"axios@npm:^1.7.4":
  version: 1.7.7
  resolution: "axios@npm:1.7.7"
  dependencies:
    follow-redirects: "npm:^1.15.6"
    form-data: "npm:^4.0.0"
    proxy-from-env: "npm:^1.1.0"
  checksum: 10c0/4499efc89e86b0b49ffddc018798de05fab26e3bf57913818266be73279a6418c3ce8f9e934c7d2d707ab8c095e837fc6c90608fb7715b94d357720b5f568af7
  languageName: node
  linkType: hard

"base32.js@npm:^0.1.0":
  version: 0.1.0
  resolution: "base32.js@npm:0.1.0"
  checksum: 10c0/d5f520f8082193850df798a0a64c528eb56b25d507daa94393c39342cc07c41e1e8e3fae71dc318e397b9e28cee800548f582493018d46962b20fce8735efaad
  languageName: node
  linkType: hard

"base64-js@npm:^1.3.1":
  version: 1.5.1
  resolution: "base64-js@npm:1.5.1"
  checksum: 10c0/f23823513b63173a001030fae4f2dabe283b99a9d324ade3ad3d148e218134676f1ee8568c877cd79ec1c53158dcf2d2ba527a97c606618928ba99dd930102bf
  languageName: node
  linkType: hard

"bignumber.js@npm:^9.3.1":
  version: 9.3.1
  resolution: "bignumber.js@npm:9.3.1"
  checksum: 10c0/61342ba5fe1c10887f0ecf5be02ff6709271481aff48631f86b4d37d55a99b87ce441cfd54df3d16d10ee07ceab7e272fc0be430c657ffafbbbf7b7d631efb75
  languageName: node
  linkType: hard

"buffer@npm:^6.0.3":
  version: 6.0.3
  resolution: "buffer@npm:6.0.3"
  dependencies:
    base64-js: "npm:^1.3.1"
    ieee754: "npm:^1.2.1"
  checksum: 10c0/2a905fbbcde73cc5d8bd18d1caa23715d5f83a5935867c2329f0ac06104204ba7947be098fe1317fbd8830e26090ff8e764f08cd14fefc977bb248c3487bcbd0
  languageName: node
  linkType: hard

"call-bind-apply-helpers@npm:^1.0.1, call-bind-apply-helpers@npm:^1.0.2":
  version: 1.0.2
  resolution: "call-bind-apply-helpers@npm:1.0.2"
  dependencies:
    es-errors: "npm:^1.3.0"
    function-bind: "npm:^1.1.2"
  checksum: 10c0/47bd9901d57b857590431243fea704ff18078b16890a6b3e021e12d279bbf211d039155e27d7566b374d49ee1f8189344bac9833dec7a20cdec370506361c938
  languageName: node
  linkType: hard

"call-bind@npm:^1.0.8":
  version: 1.0.9
  resolution: "call-bind@npm:1.0.9"
  dependencies:
    call-bind-apply-helpers: "npm:^1.0.2"
    es-define-property: "npm:^1.0.1"
    get-intrinsic: "npm:^1.3.0"
    set-function-length: "npm:^1.2.2"
  checksum: 10c0/a6621f6da1444481919ce3b4983dff725691e0754d3507ae483ce56e54985f2da7d6f1df512c56dbf28660745cf1ca52553f1fc9aef5557f3ce353ef14fab714
  languageName: node
  linkType: hard

"call-bound@npm:^1.0.3, call-bound@npm:^1.0.4":
  version: 1.0.4
  resolution: "call-bound@npm:1.0.4"
  dependencies:
    call-bind-apply-helpers: "npm:^1.0.2"
    get-intrinsic: "npm:^1.3.0"
  checksum: 10c0/f4796a6a0941e71c766aea672f63b72bc61234c4f4964dc6d7606e3664c307e7d77845328a8f3359ce39ddb377fed67318f9ee203dea1d47e46165dcf2917644
  languageName: node
  linkType: hard

"chownr@npm:^3.0.0":
  version: 3.0.0
  resolution: "chownr@npm:3.0.0"
  checksum: 10c0/43925b87700f7e3893296c8e9c56cc58f926411cce3a6e5898136daaf08f08b9a8eb76d37d3267e707d0dcc17aed2e2ebdf5848c0c3ce95cf910a919935c1b10
  languageName: node
  linkType: hard

"combined-stream@npm:^1.0.8":
  version: 1.0.8
  resolution: "combined-stream@npm:1.0.8"
  dependencies:
    delayed-stream: "npm:~1.0.0"
  checksum: 10c0/0dbb829577e1b1e839fa82b40c07ffaf7de8a09b935cadd355a73652ae70a88b4320db322f6634a4ad93424292fa80973ac6480986247f1734a1137debf271d5
  languageName: node
  linkType: hard

"commander@npm:^14.0.3":
  version: 14.0.3
  resolution: "commander@npm:14.0.3"
  checksum: 10c0/755652564bbf56ff2ff083313912b326450d3f8d8c85f4b71416539c9a05c3c67dbd206821ca72635bf6b160e2afdefcb458e86b317827d5cb333b69ce7f1a24
  languageName: node
  linkType: hard

"define-data-property@npm:^1.1.4":
  version: 1.1.4
  resolution: "define-data-property@npm:1.1.4"
  dependencies:
    es-define-property: "npm:^1.0.0"
    es-errors: "npm:^1.3.0"
    gopd: "npm:^1.0.1"
  checksum: 10c0/dea0606d1483eb9db8d930d4eac62ca0fa16738b0b3e07046cddfacf7d8c868bbe13fa0cb263eb91c7d0d527960dc3f2f2471a69ed7816210307f6744fe62e37
  languageName: node
  linkType: hard

"delayed-stream@npm:~1.0.0":
  version: 1.0.0
  resolution: "delayed-stream@npm:1.0.0"
  checksum: 10c0/d758899da03392e6712f042bec80aa293bbe9e9ff1b2634baae6a360113e708b91326594c8a486d475c69d6259afb7efacdc3537bfcda1c6c648e390ce601b19
  languageName: node
  linkType: hard

"dunder-proto@npm:^1.0.1":
  version: 1.0.1
  resolution: "dunder-proto@npm:1.0.1"
  dependencies:
    call-bind-apply-helpers: "npm:^1.0.1"
    es-errors: "npm:^1.3.0"
    gopd: "npm:^1.2.0"
  checksum: 10c0/199f2a0c1c16593ca0a145dbf76a962f8033ce3129f01284d48c45ed4e14fea9bbacd7b3610b6cdc33486cef20385ac054948fefc6272fcce645c09468f93031
  languageName: node
  linkType: hard

"env-paths@npm:^2.2.0":
  version: 2.2.1
  resolution: "env-paths@npm:2.2.1"
  checksum: 10c0/285325677bf00e30845e330eec32894f5105529db97496ee3f598478e50f008c5352a41a30e5e72ec9de8a542b5a570b85699cd63bd2bc646dbcb9f311d83bc4
  languageName: node
  linkType: hard

"es-define-property@npm:^1.0.0, es-define-property@npm:^1.0.1":
  version: 1.0.1
  resolution: "es-define-property@npm:1.0.1"
  checksum: 10c0/3f54eb49c16c18707949ff25a1456728c883e81259f045003499efba399c08bad00deebf65cccde8c0e07908c1a225c9d472b7107e558f2a48e28d530e34527c
  languageName: node
  linkType: hard

"es-errors@npm:^1.3.0":
  version: 1.3.0
  resolution: "es-errors@npm:1.3.0"
  checksum: 10c0/0a61325670072f98d8ae3b914edab3559b6caa980f08054a3b872052640d91da01d38df55df797fcc916389d77fc92b8d5906cf028f4db46d7e3003abecbca85
  languageName: node
  linkType: hard

"es-object-atoms@npm:^1.0.0, es-object-atoms@npm:^1.1.1":
  version: 1.1.1
  resolution: "es-object-atoms@npm:1.1.1"
  dependencies:
    es-errors: "npm:^1.3.0"
  checksum: 10c0/65364812ca4daf48eb76e2a3b7a89b3f6a2e62a1c420766ce9f692665a29d94fe41fe88b65f24106f449859549711e4b40d9fb8002d862dfd7eb1c512d10be0c
  languageName: node
  linkType: hard

"es-set-tostringtag@npm:^2.1.0":
  version: 2.1.0
  resolution: "es-set-tostringtag@npm:2.1.0"
  dependencies:
    es-errors: "npm:^1.3.0"
    get-intrinsic: "npm:^1.2.6"
    has-tostringtag: "npm:^1.0.2"
    hasown: "npm:^2.0.2"
  checksum: 10c0/ef2ca9ce49afe3931cb32e35da4dcb6d86ab02592cfc2ce3e49ced199d9d0bb5085fc7e73e06312213765f5efa47cc1df553a6a5154584b21448e9fb8355b1af
  languageName: node
  linkType: hard

"esbuild@npm:~0.23.0":
  version: 0.23.0
  resolution: "esbuild@npm:0.23.0"
  dependencies:
    "@esbuild/aix-ppc64": "npm:0.23.0"
    "@esbuild/android-arm": "npm:0.23.0"
    "@esbuild/android-arm64": "npm:0.23.0"
    "@esbuild/android-x64": "npm:0.23.0"
    "@esbuild/darwin-arm64": "npm:0.23.0"
    "@esbuild/darwin-x64": "npm:0.23.0"
    "@esbuild/freebsd-arm64": "npm:0.23.0"
    "@esbuild/freebsd-x64": "npm:0.23.0"
    "@esbuild/linux-arm": "npm:0.23.0"
    "@esbuild/linux-arm64": "npm:0.23.0"
    "@esbuild/linux-ia32": "npm:0.23.0"
    "@esbuild/linux-loong64": "npm:0.23.0"
    "@esbuild/linux-mips64el": "npm:0.23.0"
    "@esbuild/linux-ppc64": "npm:0.23.0"
    "@esbuild/linux-riscv64": "npm:0.23.0"
    "@esbuild/linux-s390x": "npm:0.23.0"
    "@esbuild/linux-x64": "npm:0.23.0"
    "@esbuild/netbsd-x64": "npm:0.23.0"
    "@esbuild/openbsd-arm64": "npm:0.23.0"
    "@esbuild/openbsd-x64": "npm:0.23.0"
    "@esbuild/sunos-x64": "npm:0.23.0"
    "@esbuild/win32-arm64": "npm:0.23.0"
    "@esbuild/win32-ia32": "npm:0.23.0"
    "@esbuild/win32-x64": "npm:0.23.0"
  dependenciesMeta:
    "@esbuild/aix-ppc64":
      optional: true
    "@esbuild/android-arm":
      optional: true
    "@esbuild/android-arm64":
      optional: true
    "@esbuild/android-x64":
      optional: true
    "@esbuild/darwin-arm64":
      optional: true
    "@esbuild/darwin-x64":
      optional: true
    "@esbuild/freebsd-arm64":
      optional: true
    "@esbuild/freebsd-x64":
      optional: true
    "@esbuild/linux-arm":
      optional: true
    "@esbuild/linux-arm64":
      optional: true
    "@esbuild/linux-ia32":
      optional: true
    "@esbuild/linux-loong64":
      optional: true
    "@esbuild/linux-mips64el":
      optional: true
    "@esbuild/linux-ppc64":
      optional: true
    "@esbuild/linux-riscv64":
      optional: true
    "@esbuild/linux-s390x":
      optional: true
    "@esbuild/linux-x64":
      optional: true
    "@esbuild/netbsd-x64":
      optional: true
    "@esbuild/openbsd-arm64":
      optional: true
    "@esbuild/openbsd-x64":
      optional: true
    "@esbuild/sunos-x64":
      optional: true
    "@esbuild/win32-arm64":
      optional: true
    "@esbuild/win32-ia32":
      optional: true
    "@esbuild/win32-x64":
      optional: true
  bin:
    esbuild: bin/esbuild
  checksum: 10c0/08c148c067795165798c0467ce02d2d1ecedc096989bded5f0d795c61a1fcbec6c14d0a3c9f4ad6185cc29ec52087acaa335ed6d98be6ad57f7fa4264626bde0
  languageName: node
  linkType: hard

"eventsource@npm:^2.0.2":
  version: 2.0.2
  resolution: "eventsource@npm:2.0.2"
  checksum: 10c0/0b8c70b35e45dd20f22ff64b001be9d530e33b92ca8bdbac9e004d0be00d957ab02ef33c917315f59bf2f20b178c56af85c52029bc8e6cc2d61c31d87d943573
  languageName: node
  linkType: hard

"exponential-backoff@npm:^3.1.1":
  version: 3.1.3
  resolution: "exponential-backoff@npm:3.1.3"
  checksum: 10c0/77e3ae682b7b1f4972f563c6dbcd2b0d54ac679e62d5d32f3e5085feba20483cf28bd505543f520e287a56d4d55a28d7874299941faf637e779a1aa5994d1267
  languageName: node
  linkType: hard

"fdir@npm:^6.5.0":
  version: 6.5.0
  resolution: "fdir@npm:6.5.0"
  peerDependencies:
    picomatch: ^3 || ^4
  peerDependenciesMeta:
    picomatch:
      optional: true
  checksum: 10c0/e345083c4306b3aed6cb8ec551e26c36bab5c511e99ea4576a16750ddc8d3240e63826cc624f5ae17ad4dc82e68a253213b60d556c11bfad064b7607847ed07f
  languageName: node
  linkType: hard

"feaxios@npm:^0.0.23":
  version: 0.0.23
  resolution: "feaxios@npm:0.0.23"
  dependencies:
    is-retry-allowed: "npm:^3.0.0"
  checksum: 10c0/e82204eba05ecf9744fc6ae15b7db725888e8ffaf883c17fe84a5118d141d717ea0704d21764d1566c528b574013d5fd2cc1a6601dbc4bdbedfbf662d621f176
  languageName: node
  linkType: hard

"follow-redirects@npm:^1.15.11":
  version: 1.16.0
  resolution: "follow-redirects@npm:1.16.0"
  peerDependenciesMeta:
    debug:
      optional: true
  checksum: 10c0/a1e2900163e6f1b4d1ed5c221b607f41decbab65534c63fe7e287e40a5d552a6496e7d9d7d976fa4ba77b4c51c11e5e9f683f10b43011ea11e442ff128d0e181
  languageName: node
  linkType: hard

"follow-redirects@npm:^1.15.6":
  version: 1.15.6
  resolution: "follow-redirects@npm:1.15.6"
  peerDependenciesMeta:
    debug:
      optional: true
  checksum: 10c0/9ff767f0d7be6aa6870c82ac79cf0368cd73e01bbc00e9eb1c2a16fbb198ec105e3c9b6628bb98e9f3ac66fe29a957b9645bcb9a490bb7aa0d35f908b6b85071
  languageName: node
  linkType: hard

"for-each@npm:^0.3.5":
  version: 0.3.5
  resolution: "for-each@npm:0.3.5"
  dependencies:
    is-callable: "npm:^1.2.7"
  checksum: 10c0/0e0b50f6a843a282637d43674d1fb278dda1dd85f4f99b640024cfb10b85058aac0cc781bf689d5fe50b4b7f638e91e548560723a4e76e04fe96ae35ef039cee
  languageName: node
  linkType: hard

"form-data@npm:^4.0.0":
  version: 4.0.0
  resolution: "form-data@npm:4.0.0"
  dependencies:
    asynckit: "npm:^0.4.0"
    combined-stream: "npm:^1.0.8"
    mime-types: "npm:^2.1.12"
  checksum: 10c0/cb6f3ac49180be03ff07ba3ff125f9eba2ff0b277fb33c7fc47569fc5e616882c5b1c69b9904c4c4187e97dd0419dd03b134174756f296dec62041e6527e2c6e
  languageName: node
  linkType: hard

"form-data@npm:^4.0.5":
  version: 4.0.5
  resolution: "form-data@npm:4.0.5"
  dependencies:
    asynckit: "npm:^0.4.0"
    combined-stream: "npm:^1.0.8"
    es-set-tostringtag: "npm:^2.1.0"
    hasown: "npm:^2.0.2"
    mime-types: "npm:^2.1.12"
  checksum: 10c0/dd6b767ee0bbd6d84039db12a0fa5a2028160ffbfaba1800695713b46ae974a5f6e08b3356c3195137f8530dcd9dfcb5d5ae1eeff53d0db1e5aad863b619ce3b
  languageName: node
  linkType: hard

"fsevents@npm:~2.3.3":
  version: 2.3.3
  resolution: "fsevents@npm:2.3.3"
  dependencies:
    node-gyp: "npm:latest"
  checksum: 10c0/a1f0c44595123ed717febbc478aa952e47adfc28e2092be66b8ab1635147254ca6cfe1df792a8997f22716d4cbafc73309899ff7bfac2ac3ad8cf2e4ecc3ec60
  conditions: os=darwin
  languageName: node
  linkType: hard

"fsevents@patch:fsevents@npm%3A~2.3.3#optional!builtin<compat/fsevents>":
  version: 2.3.3
  resolution: "fsevents@patch:fsevents@npm%3A2.3.3#optional!builtin<compat/fsevents>::version=2.3.3&hash=df0bf1"
  dependencies:
    node-gyp: "npm:latest"
  conditions: os=darwin
  languageName: node
  linkType: hard

"function-bind@npm:^1.1.2":
  version: 1.1.2
  resolution: "function-bind@npm:1.1.2"
  checksum: 10c0/d8680ee1e5fcd4c197e4ac33b2b4dce03c71f4d91717292785703db200f5c21f977c568d28061226f9b5900cbcd2c84463646134fd5337e7925e0942bc3f46d5
  languageName: node
  linkType: hard

"generator-function@npm:^2.0.0":
  version: 2.0.1
  resolution: "generator-function@npm:2.0.1"
  checksum: 10c0/8a9f59df0f01cfefafdb3b451b80555e5cf6d76487095db91ac461a0e682e4ff7a9dbce15f4ecec191e53586d59eece01949e05a4b4492879600bbbe8e28d6b8
  languageName: node
  linkType: hard

"get-intrinsic@npm:^1.2.4, get-intrinsic@npm:^1.2.6, get-intrinsic@npm:^1.3.0":
  version: 1.3.1
  resolution: "get-intrinsic@npm:1.3.1"
  dependencies:
    async-function: "npm:^1.0.0"
    async-generator-function: "npm:^1.0.0"
    call-bind-apply-helpers: "npm:^1.0.2"
    es-define-property: "npm:^1.0.1"
    es-errors: "npm:^1.3.0"
    es-object-atoms: "npm:^1.1.1"
    function-bind: "npm:^1.1.2"
    generator-function: "npm:^2.0.0"
    get-proto: "npm:^1.0.1"
    gopd: "npm:^1.2.0"
    has-symbols: "npm:^1.1.0"
    hasown: "npm:^2.0.2"
    math-intrinsics: "npm:^1.1.0"
  checksum: 10c0/9f4ab0cf7efe0fd2c8185f52e6f637e708f3a112610c88869f8f041bb9ecc2ce44bf285dfdbdc6f4f7c277a5b88d8e94a432374d97cca22f3de7fc63795deb5d
  languageName: node
  linkType: hard

"get-proto@npm:^1.0.1":
  version: 1.0.1
  resolution: "get-proto@npm:1.0.1"
  dependencies:
    dunder-proto: "npm:^1.0.1"
    es-object-atoms: "npm:^1.0.0"
  checksum: 10c0/9224acb44603c5526955e83510b9da41baf6ae73f7398875fba50edc5e944223a89c4a72b070fcd78beb5f7bdda58ecb6294adc28f7acfc0da05f76a2399643c
  languageName: node
  linkType: hard

"get-tsconfig@npm:^4.7.5":
  version: 4.7.6
  resolution: "get-tsconfig@npm:4.7.6"
  dependencies:
    resolve-pkg-maps: "npm:^1.0.0"
  checksum: 10c0/2240e1b13e996dfbb947d177f422f83d09d1f93c9ce16959ebb3c2bdf8bdf4f04f98eba043859172da1685f9c7071091f0acfa964ebbe4780394d83b7dc3f58a
  languageName: node
  linkType: hard

"gopd@npm:^1.0.1, gopd@npm:^1.2.0":
  version: 1.2.0
  resolution: "gopd@npm:1.2.0"
  checksum: 10c0/50fff1e04ba2b7737c097358534eacadad1e68d24cccee3272e04e007bed008e68d2614f3987788428fd192a5ae3889d08fb2331417e4fc4a9ab366b2043cead
  languageName: node
  linkType: hard

"graceful-fs@npm:^4.2.6":
  version: 4.2.11
  resolution: "graceful-fs@npm:4.2.11"
  checksum: 10c0/386d011a553e02bc594ac2ca0bd6d9e4c22d7fa8cfbfc448a6d148c59ea881b092db9dbe3547ae4b88e55f1b01f7c4a2ecc53b310c042793e63aa44cf6c257f2
  languageName: node
  linkType: hard

"has-property-descriptors@npm:^1.0.2":
  version: 1.0.2
  resolution: "has-property-descriptors@npm:1.0.2"
  dependencies:
    es-define-property: "npm:^1.0.0"
  checksum: 10c0/253c1f59e80bb476cf0dde8ff5284505d90c3bdb762983c3514d36414290475fe3fd6f574929d84de2a8eec00d35cf07cb6776205ff32efd7c50719125f00236
  languageName: node
  linkType: hard

"has-symbols@npm:^1.0.3, has-symbols@npm:^1.1.0":
  version: 1.1.0
  resolution: "has-symbols@npm:1.1.0"
  checksum: 10c0/dde0a734b17ae51e84b10986e651c664379018d10b91b6b0e9b293eddb32f0f069688c841fb40f19e9611546130153e0a2a48fd7f512891fb000ddfa36f5a20e
  languageName: node
  linkType: hard

"has-tostringtag@npm:^1.0.2":
  version: 1.0.2
  resolution: "has-tostringtag@npm:1.0.2"
  dependencies:
    has-symbols: "npm:^1.0.3"
  checksum: 10c0/a8b166462192bafe3d9b6e420a1d581d93dd867adb61be223a17a8d6dad147aa77a8be32c961bb2f27b3ef893cae8d36f564ab651f5e9b7938ae86f74027c48c
  languageName: node
  linkType: hard

"hasown@npm:^2.0.2":
  version: 2.0.3
  resolution: "hasown@npm:2.0.3"
  dependencies:
    function-bind: "npm:^1.1.2"
  checksum: 10c0/f5eb28c3fd0d3e4facd821c1eeee3836c37b70ab0b0fc532e8a39976e18fef43652415dadc52f8c7a5ff6d5ac93b7bef128789aa6f90f4e9b9a9083dce74ab38
  languageName: node
  linkType: hard

"ieee754@npm:^1.2.1":
  version: 1.2.1
  resolution: "ieee754@npm:1.2.1"
  checksum: 10c0/b0782ef5e0935b9f12883a2e2aa37baa75da6e66ce6515c168697b42160807d9330de9a32ec1ed73149aea02e0d822e572bca6f1e22bdcbd2149e13b050b17bb
  languageName: node
  linkType: hard

"inherits@npm:^2.0.4":
  version: 2.0.4
  resolution: "inherits@npm:2.0.4"
  checksum: 10c0/4e531f648b29039fb7426fb94075e6545faa1eb9fe83c29f0b6d9e7263aceb4289d2d4557db0d428188eeb449cc7c5e77b0a0b2c4e248ff2a65933a0dee49ef2
  languageName: node
  linkType: hard

"is-callable@npm:^1.2.7":
  version: 1.2.7
  resolution: "is-callable@npm:1.2.7"
  checksum: 10c0/ceebaeb9d92e8adee604076971dd6000d38d6afc40bb843ea8e45c5579b57671c3f3b50d7f04869618242c6cee08d1b67806a8cb8edaaaf7c0748b3720d6066f
  languageName: node
  linkType: hard

"is-retry-allowed@npm:^3.0.0":
  version: 3.0.0
  resolution: "is-retry-allowed@npm:3.0.0"
  checksum: 10c0/7dc52fb51c7b1767c4710e8cafed9887cfeae515a02195e9a11868fd851e601a4456e638fdc9b184a73c483d305cac46e76583edd16d78c82d7db169d3974fe9
  languageName: node
  linkType: hard

"is-typed-array@npm:^1.1.14":
  version: 1.1.15
  resolution: "is-typed-array@npm:1.1.15"
  dependencies:
    which-typed-array: "npm:^1.1.16"
  checksum: 10c0/415511da3669e36e002820584e264997ffe277ff136643a3126cc949197e6ca3334d0f12d084e83b1994af2e9c8141275c741cf2b7da5a2ff62dd0cac26f76c4
  languageName: node
  linkType: hard

"isarray@npm:^2.0.5":
  version: 2.0.5
  resolution: "isarray@npm:2.0.5"
  checksum: 10c0/4199f14a7a13da2177c66c31080008b7124331956f47bca57dd0b6ea9f11687aa25e565a2c7a2b519bc86988d10398e3049a1f5df13c9f6b7664154690ae79fd
  languageName: node
  linkType: hard

"isexe@npm:^4.0.0":
  version: 4.0.0
  resolution: "isexe@npm:4.0.0"
  checksum: 10c0/5884815115bceac452877659a9c7726382531592f43dc29e5d48b7c4100661aed54018cb90bd36cb2eaeba521092570769167acbb95c18d39afdccbcca06c5ce
  languageName: node
  linkType: hard

"math-intrinsics@npm:^1.1.0":
  version: 1.1.0
  resolution: "math-intrinsics@npm:1.1.0"
  checksum: 10c0/7579ff94e899e2f76ab64491d76cf606274c874d8f2af4a442c016bd85688927fcfca157ba6bf74b08e9439dc010b248ce05b96cc7c126a354c3bae7fcb48b7f
  languageName: node
  linkType: hard

"mime-db@npm:1.52.0":
  version: 1.52.0
  resolution: "mime-db@npm:1.52.0"
  checksum: 10c0/0557a01deebf45ac5f5777fe7740b2a5c309c6d62d40ceab4e23da9f821899ce7a900b7ac8157d4548ddbb7beffe9abc621250e6d182b0397ec7f10c7b91a5aa
  languageName: node
  linkType: hard

"mime-types@npm:^2.1.12":
  version: 2.1.35
  resolution: "mime-types@npm:2.1.35"
  dependencies:
    mime-db: "npm:1.52.0"
  checksum: 10c0/82fb07ec56d8ff1fc999a84f2f217aa46cb6ed1033fefaabd5785b9a974ed225c90dc72fff460259e66b95b73648596dbcc50d51ed69cdf464af2d237d3149b2
  languageName: node
  linkType: hard

"minipass@npm:^7.0.4, minipass@npm:^7.1.2":
  version: 7.1.3
  resolution: "minipass@npm:7.1.3"
  checksum: 10c0/539da88daca16533211ea5a9ee98dc62ff5742f531f54640dd34429e621955e91cc280a91a776026264b7f9f6735947629f920944e9c1558369e8bf22eb33fbb
  languageName: node
  linkType: hard

"minizlib@npm:^3.1.0":
  version: 3.1.0
  resolution: "minizlib@npm:3.1.0"
  dependencies:
    minipass: "npm:^7.1.2"
  checksum: 10c0/5aad75ab0090b8266069c9aabe582c021ae53eb33c6c691054a13a45db3b4f91a7fb1bd79151e6b4e9e9a86727b522527c0a06ec7d45206b745d54cd3097bcec
  languageName: node
  linkType: hard

"node-gyp@npm:latest":
  version: 12.3.0
  resolution: "node-gyp@npm:12.3.0"
  dependencies:
    env-paths: "npm:^2.2.0"
    exponential-backoff: "npm:^3.1.1"
    graceful-fs: "npm:^4.2.6"
    nopt: "npm:^9.0.0"
    proc-log: "npm:^6.0.0"
    semver: "npm:^7.3.5"
    tar: "npm:^7.5.4"
    tinyglobby: "npm:^0.2.12"
    undici: "npm:^6.25.0"
    which: "npm:^6.0.0"
  bin:
    node-gyp: bin/node-gyp.js
  checksum: 10c0/9d9032b405cbe42f72a105259d9eb679376470c102df4a2dbaa51e07d59bf741dcffb85897087ea9d8318b9cabb824a8978af51508ae142f0239ae1e6a3c2329
  languageName: node
  linkType: hard

"node-stellar@workspace:.":
  version: 0.0.0-use.local
  resolution: "node-stellar@workspace:."
  dependencies:
    "@stellar/stellar-sdk": "npm:^15.1.0"
    rango-sdk: "npm:^0.1.76"
    tsx: "npm:^4.17.0"
  languageName: unknown
  linkType: soft

"nopt@npm:^9.0.0":
  version: 9.0.0
  resolution: "nopt@npm:9.0.0"
  dependencies:
    abbrev: "npm:^4.0.0"
  bin:
    nopt: bin/nopt.js
  checksum: 10c0/1822eb6f9b020ef6f7a7516d7b64a8036e09666ea55ac40416c36e4b2b343122c3cff0e2f085675f53de1d2db99a2a89a60ccea1d120bcd6a5347bf6ceb4a7fd
  languageName: node
  linkType: hard

"picomatch@npm:^4.0.4":
  version: 4.0.4
  resolution: "picomatch@npm:4.0.4"
  checksum: 10c0/e2c6023372cc7b5764719a5ffb9da0f8e781212fa7ca4bd0562db929df8e117460f00dff3cb7509dacfc06b86de924b247f504d0ce1806a37fac4633081466b0
  languageName: node
  linkType: hard

"possible-typed-array-names@npm:^1.0.0":
  version: 1.1.0
  resolution: "possible-typed-array-names@npm:1.1.0"
  checksum: 10c0/c810983414142071da1d644662ce4caebce890203eb2bc7bf119f37f3fe5796226e117e6cca146b521921fa6531072674174a3325066ac66fce089a53e1e5196
  languageName: node
  linkType: hard

"proc-log@npm:^6.0.0":
  version: 6.1.0
  resolution: "proc-log@npm:6.1.0"
  checksum: 10c0/4f178d4062733ead9d71a9b1ab24ebcecdfe2250916a5b1555f04fe2eda972a0ec76fbaa8df1ad9c02707add6749219d118a4fc46dc56bdfe4dde4b47d80bb82
  languageName: node
  linkType: hard

"proxy-from-env@npm:^1.1.0":
  version: 1.1.0
  resolution: "proxy-from-env@npm:1.1.0"
  checksum: 10c0/fe7dd8b1bdbbbea18d1459107729c3e4a2243ca870d26d34c2c1bcd3e4425b7bcc5112362df2d93cc7fb9746f6142b5e272fd1cc5c86ddf8580175186f6ad42b
  languageName: node
  linkType: hard

"proxy-from-env@npm:^2.1.0":
  version: 2.1.0
  resolution: "proxy-from-env@npm:2.1.0"
  checksum: 10c0/ed01729fd4d094eab619cd7e17ce3698b3413b31eb102c4904f9875e677cd207392795d5b4adee9cec359dfd31c44d5ad7595a3a3ad51c40250e141512281c58
  languageName: node
  linkType: hard

"randombytes@npm:^2.1.0":
  version: 2.1.0
  resolution: "randombytes@npm:2.1.0"
  dependencies:
    safe-buffer: "npm:^5.1.0"
  checksum: 10c0/50395efda7a8c94f5dffab564f9ff89736064d32addf0cc7e8bf5e4166f09f8ded7a0849ca6c2d2a59478f7d90f78f20d8048bca3cdf8be09d8e8a10790388f3
  languageName: node
  linkType: hard

"rango-sdk@npm:^0.1.76":
  version: 0.1.79
  resolution: "rango-sdk@npm:0.1.79"
  dependencies:
    axios: "npm:^1.7.4"
    rango-types: "npm:^0.1.98"
    uuid-random: "npm:^1.3.2"
  checksum: 10c0/691fb8e30fc21a351c43a563e614ebd3a012ed3ba003df3fe15207d8fcd15cc7c878b517000c5cfc3efe7434e6fc4d83f266402ebf6698a1933874b242181f6b
  languageName: node
  linkType: hard

"rango-types@npm:^0.1.98":
  version: 0.1.99
  resolution: "rango-types@npm:0.1.99"
  checksum: 10c0/75db2478c4f1147405ebbd50cccd7087380c308c376d726bd5de2df8a5ffa4ef3b19f00b1212958f1d0c3ae89d274cf61afca819fc8723932fd4073feaed3ea7
  languageName: node
  linkType: hard

"resolve-pkg-maps@npm:^1.0.0":
  version: 1.0.0
  resolution: "resolve-pkg-maps@npm:1.0.0"
  checksum: 10c0/fb8f7bbe2ca281a73b7ef423a1cbc786fb244bd7a95cbe5c3fba25b27d327150beca8ba02f622baea65919a57e061eb5005204daa5f93ed590d9b77463a567ab
  languageName: node
  linkType: hard

"safe-buffer@npm:^5.1.0, safe-buffer@npm:^5.2.1":
  version: 5.2.1
  resolution: "safe-buffer@npm:5.2.1"
  checksum: 10c0/6501914237c0a86e9675d4e51d89ca3c21ffd6a31642efeba25ad65720bce6921c9e7e974e5be91a786b25aa058b5303285d3c15dbabf983a919f5f630d349f3
  languageName: node
  linkType: hard

"semver@npm:^7.3.5":
  version: 7.8.0
  resolution: "semver@npm:7.8.0"
  bin:
    semver: bin/semver.js
  checksum: 10c0/8f096ca9b80ffd47b308d03f9ce8c873e27e2983f36023c559cdc92c51e8433fc23ebbfe57ec9623fc155636a6961ee989501099841ae4bb1babc8d2b3f048cd
  languageName: node
  linkType: hard

"set-function-length@npm:^1.2.2":
  version: 1.2.2
  resolution: "set-function-length@npm:1.2.2"
  dependencies:
    define-data-property: "npm:^1.1.4"
    es-errors: "npm:^1.3.0"
    function-bind: "npm:^1.1.2"
    get-intrinsic: "npm:^1.2.4"
    gopd: "npm:^1.0.1"
    has-property-descriptors: "npm:^1.0.2"
  checksum: 10c0/82850e62f412a258b71e123d4ed3873fa9377c216809551192bb6769329340176f109c2eeae8c22a8d386c76739855f78e8716515c818bcaef384b51110f0f3c
  languageName: node
  linkType: hard

"sha.js@npm:^2.4.12":
  version: 2.4.12
  resolution: "sha.js@npm:2.4.12"
  dependencies:
    inherits: "npm:^2.0.4"
    safe-buffer: "npm:^5.2.1"
    to-buffer: "npm:^1.2.0"
  bin:
    sha.js: bin.js
  checksum: 10c0/9d36bdd76202c8116abbe152a00055ccd8a0099cb28fc17c01fa7bb2c8cffb9ca60e2ab0fe5f274ed6c45dc2633d8c39cf7ab050306c231904512ba9da4d8ab1
  languageName: node
  linkType: hard

"tar@npm:^7.5.4":
  version: 7.5.15
  resolution: "tar@npm:7.5.15"
  dependencies:
    "@isaacs/fs-minipass": "npm:^4.0.0"
    chownr: "npm:^3.0.0"
    minipass: "npm:^7.1.2"
    minizlib: "npm:^3.1.0"
    yallist: "npm:^5.0.0"
  checksum: 10c0/8f039edb1d12fdd7df6c6f9877d125afe9f3da3f5f9317df326fdd090d48793d6998cede1506a1471f3e3a250db270a89dace28005eb5e99c5a9132d704ac956
  languageName: node
  linkType: hard

"tinyglobby@npm:^0.2.12":
  version: 0.2.16
  resolution: "tinyglobby@npm:0.2.16"
  dependencies:
    fdir: "npm:^6.5.0"
    picomatch: "npm:^4.0.4"
  checksum: 10c0/f2e09fd93dd95c41e522113b686ff6f7c13020962f8698a864a257f3d7737599afc47722b7ab726e12f8a813f779906187911ff8ee6701ede65072671a7e934b
  languageName: node
  linkType: hard

"to-buffer@npm:^1.2.0":
  version: 1.2.2
  resolution: "to-buffer@npm:1.2.2"
  dependencies:
    isarray: "npm:^2.0.5"
    safe-buffer: "npm:^5.2.1"
    typed-array-buffer: "npm:^1.0.3"
  checksum: 10c0/56bc56352f14a2c4a0ab6277c5fc19b51e9534882b98eb068b39e14146591e62fa5b06bf70f7fed1626230463d7e60dca81e815096656e5e01c195c593873d12
  languageName: node
  linkType: hard

"toml@npm:^3.0.0":
  version: 3.0.0
  resolution: "toml@npm:3.0.0"
  checksum: 10c0/8d7ed3e700ca602e5419fca343e1c595eb7aa177745141f0761a5b20874b58ee5c878cd045c408da9d130cb2b611c639912210ba96ce2f78e443569aa8060c18
  languageName: node
  linkType: hard

"tsx@npm:^4.17.0":
  version: 4.17.0
  resolution: "tsx@npm:4.17.0"
  dependencies:
    esbuild: "npm:~0.23.0"
    fsevents: "npm:~2.3.3"
    get-tsconfig: "npm:^4.7.5"
  dependenciesMeta:
    fsevents:
      optional: true
  bin:
    tsx: dist/cli.mjs
  checksum: 10c0/ad720b81d6447c7695d24c27947fa1a2b6db9d2ef03216389edd6fa0006aa479bc0d8348a1ac9975a08edef4ce791ff5629a24d8dccbb0987f42e5407785cfa4
  languageName: node
  linkType: hard

"typed-array-buffer@npm:^1.0.3":
  version: 1.0.3
  resolution: "typed-array-buffer@npm:1.0.3"
  dependencies:
    call-bound: "npm:^1.0.3"
    es-errors: "npm:^1.3.0"
    is-typed-array: "npm:^1.1.14"
  checksum: 10c0/1105071756eb248774bc71646bfe45b682efcad93b55532c6ffa4518969fb6241354e4aa62af679ae83899ec296d69ef88f1f3763657cdb3a4d29321f7b83079
  languageName: node
  linkType: hard

"undici@npm:^6.25.0":
  version: 6.25.0
  resolution: "undici@npm:6.25.0"
  checksum: 10c0/2597cc6689bdb02c210c557b1f85febbfda65becae6e6fc1061508e2f33734d25207f81cd8af56ada9956329eb3a7bd7431e87dcfeceba20ee87059b57dcf985
  languageName: node
  linkType: hard

"urijs@npm:^1.19.11":
  version: 1.19.11
  resolution: "urijs@npm:1.19.11"
  checksum: 10c0/96e15eea5b41a99361d506e4d8fcc64dc43f334bd5fd34e08261467b6954b97a6b45929a8d6c79e2dc76aadfd6ca950e0f4bd7f3c0757a08978429634d07eda1
  languageName: node
  linkType: hard

"uuid-random@npm:^1.3.2":
  version: 1.3.2
  resolution: "uuid-random@npm:1.3.2"
  checksum: 10c0/14cb0fc8d52738b9f3b856df39e82f50650dad3dca254d3e62742148ba57292697c53d7bb171b84ad9d0f9d9231fd0f13d13eb65cb67b7d6c994f78d40e5e363
  languageName: node
  linkType: hard

"which-typed-array@npm:^1.1.16":
  version: 1.1.20
  resolution: "which-typed-array@npm:1.1.20"
  dependencies:
    available-typed-arrays: "npm:^1.0.7"
    call-bind: "npm:^1.0.8"
    call-bound: "npm:^1.0.4"
    for-each: "npm:^0.3.5"
    get-proto: "npm:^1.0.1"
    gopd: "npm:^1.2.0"
    has-tostringtag: "npm:^1.0.2"
  checksum: 10c0/16fcdada95c8afb821cd1117f0ab50b4d8551677ac08187f21d4e444530913c9ffd2dac634f0c1183345f96344b69280f40f9a8bc52164ef409e555567c2604b
  languageName: node
  linkType: hard

"which@npm:^6.0.0":
  version: 6.0.1
  resolution: "which@npm:6.0.1"
  dependencies:
    isexe: "npm:^4.0.0"
  bin:
    node-which: bin/which.js
  checksum: 10c0/7e710e54ea36d2d6183bee2f9caa27a3b47b9baf8dee55a199b736fcf85eab3b9df7556fca3d02b50af7f3dfba5ea3a45644189836df06267df457e354da66d5
  languageName: node
  linkType: hard

"yallist@npm:^5.0.0":
  version: 5.0.0
  resolution: "yallist@npm:5.0.0"
  checksum: 10c0/a499c81ce6d4a1d260d4ea0f6d49ab4da09681e32c3f0472dee16667ed69d01dae63a3b81745a24bd78476ec4fcf856114cb4896ace738e01da34b2c42235416
  languageName: node
  linkType: hard
